
Microsoft Visual Studio Solution File, Format Version 12.00
# Visual Studio Version 17
VisualStudioVersion = 17.6.33801.468
MinimumVisualStudioVersion = 10.0.40219.1
Project("{FAE04EC0-301F-11D3-BF4B-00C04F79EFBC}") = "HM_7", "HM_7.csproj", "{B3CB6F4C-FAC1-4CC3-B45B-6240B156F41A}"
EndProject
Global
	GlobalSection(SolutionConfigurationPlatforms) = preSolution
		Debug|Any CPU = Debug|Any CPU
		Release|Any CPU = Release|Any CPU
	EndGlobalSection
	GlobalSection(ProjectConfigurationPlatforms) = postSolution
		{B3CB6F4C-FAC1-4CC3-B45B-6240B156F41A}.Debug|Any CPU.ActiveCfg = Debug|Any CPU
		{B3CB6F4C-FAC1-4CC3-B45B-6240B156F41A}.Debug|Any CPU.Build.0 = Debug|Any CPU
		{B3CB6F4C-FAC1-4CC3-B45B-6240B156F41A}.Release|Any CPU.ActiveCfg = Release|Any CPU
		{B3CB6F4C-FAC1-4CC3-B45B-6240B156F41A}.Release|Any CPU.Build.0 = Release|Any CPU
	EndGlobalSection
	GlobalSection(SolutionProperties) = preSolution
		HideSolutionNode = FALSE
	EndGlobalSection
	GlobalSection(ExtensibilityGlobals) = postSolution
		SolutionGuid = {57ABD559-5AB6-4E7A-AC05-1BF9EC14A990}
	EndGlobalSection
EndGlobal
